
Microsoft Visual Studio Solution File, Format Version 12.00
# Visual Studio Version 16
VisualStudioVersion = 16.0.30611.23
MinimumVisualStudioVersion = 10.0.40219.1
Project("{FAE04EC0-301F-11D3-BF4B-00C04F79EFBC}") = "Moldovan_Bianca_Lab6", "Moldovan_Bianca_Lab6.csproj", "{65811292-5D26-42A8-B3EA-E6C93BAC941A}"
EndProject
Project("{FAE04EC0-301F-11D3-BF4B-00C04F79EFBC}") = "PhoneBookModel", "..\PhoneBookModel\PhoneBookModel.csproj", "{1BC21020-4124-4604-AC68-D907DC98B09F}"
EndProject
Global
	GlobalSection(SolutionConfigurationPlatforms) = preSolution
		Debug|Any CPU = Debug|Any CPU
		Release|Any CPU = Release|Any CPU
	EndGlobalSection
	GlobalSection(ProjectConfigurationPlatforms) = postSolution
		{65811292-5D26-42A8-B3EA-E6C93BAC941A}.Debug|Any CPU.ActiveCfg = Debug|Any CPU
		{65811292-5D26-42A8-B3EA-E6C93BAC941A}.Debug|Any CPU.Build.0 = Debug|Any CPU
		{65811292-5D26-42A8-B3EA-E6C93BAC941A}.Release|Any CPU.ActiveCfg = Release|Any CPU
		{65811292-5D26-42A8-B3EA-E6C93BAC941A}.Release|Any CPU.Build.0 = Release|Any CPU
		{1BC21020-4124-4604-AC68-D907DC98B09F}.Debug|Any CPU.ActiveCfg = Debug|Any CPU
		{1BC21020-4124-4604-AC68-D907DC98B09F}.Debug|Any CPU.Build.0 = Debug|Any CPU
		{1BC21020-4124-4604-AC68-D907DC98B09F}.Release|Any CPU.ActiveCfg = Release|Any CPU
		{1BC21020-4124-4604-AC68-D907DC98B09F}.Release|Any CPU.Build.0 = Release|Any CPU
	EndGlobalSection
	GlobalSection(SolutionProperties) = preSolution
		HideSolutionNode = FALSE
	EndGlobalSection
	GlobalSection(ExtensibilityGlobals) = postSolution
		SolutionGuid = {99F8514F-82CC-4EDF-A39E-A47555F332D4}
	EndGlobalSection
EndGlobal
